
Microsoft Visual Studio Solution File, Format Version 10.00
# Visual Studio 2008
Project("{8BC9CEB8-8B4A-11D0-8D11-00A0C91BC942}") = "VistaAspects", "..\..\VistaAspects\build\msvc9\VistaAspects.vcproj", "{2DE7A85A-6419-46FC-9CC4-15157FC69DBC}"
	ProjectSection(ProjectDependencies) = postProject
		{FFF7CF01-70BD-4E72-9F62-2D51EFA0F2FA} = {FFF7CF01-70BD-4E72-9F62-2D51EFA0F2FA}
	EndProjectSection
EndProject
Project("{8BC9CEB8-8B4A-11D0-8D11-00A0C91BC942}") = "VistaInterProcComm", "..\..\VistaInterProcComm\build\msvc9\VistaInterProcComm.vcproj", "{7801F734-CADB-4B8A-8036-1EABD59D85BF}"
	ProjectSection(ProjectDependencies) = postProject
		{FFF7CF01-70BD-4E72-9F62-2D51EFA0F2FA} = {FFF7CF01-70BD-4E72-9F62-2D51EFA0F2FA}
		{2DE7A85A-6419-46FC-9CC4-15157FC69DBC} = {2DE7A85A-6419-46FC-9CC4-15157FC69DBC}
	EndProjectSection
EndProject
Project("{8BC9CEB8-8B4A-11D0-8D11-00A0C91BC942}") = "VistaKernel", "..\..\VistaKernel\build\msvc9\VistaKernel.vcproj", "{B11C5744-AFEC-482A-8665-E31069DC8B72}"
	ProjectSection(ProjectDependencies) = postProject
		{FFF7CF01-70BD-4E72-9F62-2D51EFA0F2FA} = {FFF7CF01-70BD-4E72-9F62-2D51EFA0F2FA}
		{EF34350B-0588-4D2C-8C98-C084B6E6307B} = {EF34350B-0588-4D2C-8C98-C084B6E6307B}
		{52F1521F-FA14-4F18-9083-B9F519FB7C42} = {52F1521F-FA14-4F18-9083-B9F519FB7C42}
		{7801F734-CADB-4B8A-8036-1EABD59D85BF} = {7801F734-CADB-4B8A-8036-1EABD59D85BF}
		{2DE7A85A-6419-46FC-9CC4-15157FC69DBC} = {2DE7A85A-6419-46FC-9CC4-15157FC69DBC}
		{5CAA5D9F-77D3-4F65-B242-ABD6EA1497C1} = {5CAA5D9F-77D3-4F65-B242-ABD6EA1497C1}
		{2BD39FF6-F9FC-4D91-9894-A66FBBC2506D} = {2BD39FF6-F9FC-4D91-9894-A66FBBC2506D}
	EndProjectSection
EndProject
Project("{8BC9CEB8-8B4A-11D0-8D11-00A0C91BC942}") = "VistaMath", "..\..\VistaMath\build\msvc9\VistaMath.vcproj", "{EF34350B-0588-4D2C-8C98-C084B6E6307B}"
	ProjectSection(ProjectDependencies) = postProject
		{FFF7CF01-70BD-4E72-9F62-2D51EFA0F2FA} = {FFF7CF01-70BD-4E72-9F62-2D51EFA0F2FA}
	EndProjectSection
EndProject
Project("{8BC9CEB8-8B4A-11D0-8D11-00A0C91BC942}") = "VistaTools", "..\..\VistaTools\build\msvc9\VistaTools.vcproj", "{2BD39FF6-F9FC-4D91-9894-A66FBBC2506D}"
	ProjectSection(ProjectDependencies) = postProject
		{FFF7CF01-70BD-4E72-9F62-2D51EFA0F2FA} = {FFF7CF01-70BD-4E72-9F62-2D51EFA0F2FA}
	EndProjectSection
EndProject
Project("{8BC9CEB8-8B4A-11D0-8D11-00A0C91BC942}") = "3DCSpaceNavigator", "..\..\VistaDeviceDrivers\3DCSpaceNavigator\build\msvc9\3DCSpaceNavigator.vcproj", "{78E0176F-ED8C-407E-9604-CD5C8315774C}"
	ProjectSection(ProjectDependencies) = postProject
		{FFF7CF01-70BD-4E72-9F62-2D51EFA0F2FA} = {FFF7CF01-70BD-4E72-9F62-2D51EFA0F2FA}
		{7801F734-CADB-4B8A-8036-1EABD59D85BF} = {7801F734-CADB-4B8A-8036-1EABD59D85BF}
		{2DE7A85A-6419-46FC-9CC4-15157FC69DBC} = {2DE7A85A-6419-46FC-9CC4-15157FC69DBC}
		{5CAA5D9F-77D3-4F65-B242-ABD6EA1497C1} = {5CAA5D9F-77D3-4F65-B242-ABD6EA1497C1}
	EndProjectSection
EndProject
Project("{8BC9CEB8-8B4A-11D0-8D11-00A0C91BC942}") = "3DCSpaceNavigatorPlugin", "..\..\VistaDeviceDrivers\3DCSpaceNavigator\build\msvc9\3DCSpaceNavigatorPlugin.vcproj", "{E460ABF6-7F37-411B-B893-A01783C692A9}"
	ProjectSection(ProjectDependencies) = postProject
		{FFF7CF01-70BD-4E72-9F62-2D51EFA0F2FA} = {FFF7CF01-70BD-4E72-9F62-2D51EFA0F2FA}
		{2DE7A85A-6419-46FC-9CC4-15157FC69DBC} = {2DE7A85A-6419-46FC-9CC4-15157FC69DBC}
		{78E0176F-ED8C-407E-9604-CD5C8315774C} = {78E0176F-ED8C-407E-9604-CD5C8315774C}
	EndProjectSection
EndProject
Project("{8BC9CEB8-8B4A-11D0-8D11-00A0C91BC942}") = "DirectXGamepad", "..\..\VistaDeviceDrivers\DirectXGamepad\build\msvc9\DirectXGamepad.vcproj", "{85497124-9F73-4093-82F2-2D975AD0EC5B}"
	ProjectSection(ProjectDependencies) = postProject
		{FFF7CF01-70BD-4E72-9F62-2D51EFA0F2FA} = {FFF7CF01-70BD-4E72-9F62-2D51EFA0F2FA}
		{2DE7A85A-6419-46FC-9CC4-15157FC69DBC} = {2DE7A85A-6419-46FC-9CC4-15157FC69DBC}
		{5CAA5D9F-77D3-4F65-B242-ABD6EA1497C1} = {5CAA5D9F-77D3-4F65-B242-ABD6EA1497C1}
	EndProjectSection
EndProject
Project("{8BC9CEB8-8B4A-11D0-8D11-00A0C91BC942}") = "DirectXGamepadPlugin", "..\..\VistaDeviceDrivers\DirectXGamepad\build\msvc9\DirectXGamepadPlugin.vcproj", "{A1193673-FB3F-4C85-AA02-A64B0851123A}"
	ProjectSection(ProjectDependencies) = postProject
		{FFF7CF01-70BD-4E72-9F62-2D51EFA0F2FA} = {FFF7CF01-70BD-4E72-9F62-2D51EFA0F2FA}
		{85497124-9F73-4093-82F2-2D975AD0EC5B} = {85497124-9F73-4093-82F2-2D975AD0EC5B}
		{B11C5744-AFEC-482A-8665-E31069DC8B72} = {B11C5744-AFEC-482A-8665-E31069DC8B72}
		{2DE7A85A-6419-46FC-9CC4-15157FC69DBC} = {2DE7A85A-6419-46FC-9CC4-15157FC69DBC}
	EndProjectSection
EndProject
Project("{2150E333-8FDC-42A3-9474-1A3956D46DE8}") = "VistaDeviceDrivers", "VistaDeviceDrivers", "{2DC72DEE-7CD6-4FAF-B191-1F0ABDF2AC99}"
EndProject
Project("{8BC9CEB8-8B4A-11D0-8D11-00A0C91BC942}") = "PhantomDriver", "..\..\VistaDeviceDrivers\PhantomDriver\build\msvc9\PhantomDriver.vcproj", "{A839CFAC-E629-4199-81CD-186C810F428A}"
	ProjectSection(ProjectDependencies) = postProject
		{EF34350B-0588-4D2C-8C98-C084B6E6307B} = {EF34350B-0588-4D2C-8C98-C084B6E6307B}
		{52F1521F-FA14-4F18-9083-B9F519FB7C42} = {52F1521F-FA14-4F18-9083-B9F519FB7C42}
		{7801F734-CADB-4B8A-8036-1EABD59D85BF} = {7801F734-CADB-4B8A-8036-1EABD59D85BF}
		{B11C5744-AFEC-482A-8665-E31069DC8B72} = {B11C5744-AFEC-482A-8665-E31069DC8B72}
		{2DE7A85A-6419-46FC-9CC4-15157FC69DBC} = {2DE7A85A-6419-46FC-9CC4-15157FC69DBC}
		{5CAA5D9F-77D3-4F65-B242-ABD6EA1497C1} = {5CAA5D9F-77D3-4F65-B242-ABD6EA1497C1}
		{2BD39FF6-F9FC-4D91-9894-A66FBBC2506D} = {2BD39FF6-F9FC-4D91-9894-A66FBBC2506D}
	EndProjectSection
EndProject
Project("{8BC9CEB8-8B4A-11D0-8D11-00A0C91BC942}") = "PhantomDriverPlugin", "..\..\VistaDeviceDrivers\PhantomDriver\build\msvc9\VistaPhantomDriverPlugin.vcproj", "{F399F87B-F851-40F5-ADC0-436DF39D0207}"
	ProjectSection(ProjectDependencies) = postProject
		{FFF7CF01-70BD-4E72-9F62-2D51EFA0F2FA} = {FFF7CF01-70BD-4E72-9F62-2D51EFA0F2FA}
		{2DE7A85A-6419-46FC-9CC4-15157FC69DBC} = {2DE7A85A-6419-46FC-9CC4-15157FC69DBC}
		{A839CFAC-E629-4199-81CD-186C810F428A} = {A839CFAC-E629-4199-81CD-186C810F428A}
	EndProjectSection
EndProject
Project("{8BC9CEB8-8B4A-11D0-8D11-00A0C91BC942}") = "VistaKernelOpenSGExt", "..\..\VistaKernelOpenSGExt\build\msvc9\VistaKernelOpenSGExt.vcproj", "{E0988F36-A336-47D2-8016-01B6687CD875}"
	ProjectSection(ProjectDependencies) = postProject
		{FFF7CF01-70BD-4E72-9F62-2D51EFA0F2FA} = {FFF7CF01-70BD-4E72-9F62-2D51EFA0F2FA}
		{EF34350B-0588-4D2C-8C98-C084B6E6307B} = {EF34350B-0588-4D2C-8C98-C084B6E6307B}
		{B11C5744-AFEC-482A-8665-E31069DC8B72} = {B11C5744-AFEC-482A-8665-E31069DC8B72}
		{2DE7A85A-6419-46FC-9CC4-15157FC69DBC} = {2DE7A85A-6419-46FC-9CC4-15157FC69DBC}
		{2BD39FF6-F9FC-4D91-9894-A66FBBC2506D} = {2BD39FF6-F9FC-4D91-9894-A66FBBC2506D}
	EndProjectSection
EndProject
Project("{8BC9CEB8-8B4A-11D0-8D11-00A0C91BC942}") = "VistaDataFlowNet", "..\..\VistaDataFlowNet\build\msvc9\VistaDataFlowNet.vcproj", "{52F1521F-FA14-4F18-9083-B9F519FB7C42}"
	ProjectSection(ProjectDependencies) = postProject
		{FFF7CF01-70BD-4E72-9F62-2D51EFA0F2FA} = {FFF7CF01-70BD-4E72-9F62-2D51EFA0F2FA}
		{EF34350B-0588-4D2C-8C98-C084B6E6307B} = {EF34350B-0588-4D2C-8C98-C084B6E6307B}
		{7801F734-CADB-4B8A-8036-1EABD59D85BF} = {7801F734-CADB-4B8A-8036-1EABD59D85BF}
		{2DE7A85A-6419-46FC-9CC4-15157FC69DBC} = {2DE7A85A-6419-46FC-9CC4-15157FC69DBC}
		{5CAA5D9F-77D3-4F65-B242-ABD6EA1497C1} = {5CAA5D9F-77D3-4F65-B242-ABD6EA1497C1}
		{2BD39FF6-F9FC-4D91-9894-A66FBBC2506D} = {2BD39FF6-F9FC-4D91-9894-A66FBBC2506D}
	EndProjectSection
EndProject
Project("{8BC9CEB8-8B4A-11D0-8D11-00A0C91BC942}") = "VistaDeviceDriversBase", "..\..\VistaDeviceDriversBase\build\msvc9\VistaDeviceDriversBase.vcproj", "{5CAA5D9F-77D3-4F65-B242-ABD6EA1497C1}"
	ProjectSection(ProjectDependencies) = postProject
		{FFF7CF01-70BD-4E72-9F62-2D51EFA0F2FA} = {FFF7CF01-70BD-4E72-9F62-2D51EFA0F2FA}
		{EF34350B-0588-4D2C-8C98-C084B6E6307B} = {EF34350B-0588-4D2C-8C98-C084B6E6307B}
		{7801F734-CADB-4B8A-8036-1EABD59D85BF} = {7801F734-CADB-4B8A-8036-1EABD59D85BF}
		{2DE7A85A-6419-46FC-9CC4-15157FC69DBC} = {2DE7A85A-6419-46FC-9CC4-15157FC69DBC}
		{2BD39FF6-F9FC-4D91-9894-A66FBBC2506D} = {2BD39FF6-F9FC-4D91-9894-A66FBBC2506D}
	EndProjectSection
EndProject
Project("{8BC9CEB8-8B4A-11D0-8D11-00A0C91BC942}") = "VistaBase", "..\..\VistaBase\build\msvc9\VistaBase.vcproj", "{FFF7CF01-70BD-4E72-9F62-2D51EFA0F2FA}"
EndProject
Global
	GlobalSection(SolutionConfigurationPlatforms) = preSolution
		Debug|Win32 = Debug|Win32
		Debug|x64 = Debug|x64
		Release|Win32 = Release|Win32
		Release|x64 = Release|x64
	EndGlobalSection
	GlobalSection(ProjectConfigurationPlatforms) = postSolution
		{2DE7A85A-6419-46FC-9CC4-15157FC69DBC}.Debug|Win32.ActiveCfg = Debug|Win32
		{2DE7A85A-6419-46FC-9CC4-15157FC69DBC}.Debug|Win32.Build.0 = Debug|Win32
		{2DE7A85A-6419-46FC-9CC4-15157FC69DBC}.Debug|x64.ActiveCfg = Debug|x64
		{2DE7A85A-6419-46FC-9CC4-15157FC69DBC}.Debug|x64.Build.0 = Debug|x64
		{2DE7A85A-6419-46FC-9CC4-15157FC69DBC}.Release|Win32.ActiveCfg = Release|Win32
		{2DE7A85A-6419-46FC-9CC4-15157FC69DBC}.Release|Win32.Build.0 = Release|Win32
		{2DE7A85A-6419-46FC-9CC4-15157FC69DBC}.Release|x64.ActiveCfg = Release|x64
		{2DE7A85A-6419-46FC-9CC4-15157FC69DBC}.Release|x64.Build.0 = Release|x64
		{7801F734-CADB-4B8A-8036-1EABD59D85BF}.Debug|Win32.ActiveCfg = Debug|Win32
		{7801F734-CADB-4B8A-8036-1EABD59D85BF}.Debug|Win32.Build.0 = Debug|Win32
		{7801F734-CADB-4B8A-8036-1EABD59D85BF}.Debug|x64.ActiveCfg = Debug|x64
		{7801F734-CADB-4B8A-8036-1EABD59D85BF}.Debug|x64.Build.0 = Debug|x64
		{7801F734-CADB-4B8A-8036-1EABD59D85BF}.Release|Win32.ActiveCfg = Release|Win32
		{7801F734-CADB-4B8A-8036-1EABD59D85BF}.Release|Win32.Build.0 = Release|Win32
		{7801F734-CADB-4B8A-8036-1EABD59D85BF}.Release|x64.ActiveCfg = Release|x64
		{7801F734-CADB-4B8A-8036-1EABD59D85BF}.Release|x64.Build.0 = Release|x64
		{B11C5744-AFEC-482A-8665-E31069DC8B72}.Debug|Win32.ActiveCfg = Debug|Win32
		{B11C5744-AFEC-482A-8665-E31069DC8B72}.Debug|Win32.Build.0 = Debug|Win32
		{B11C5744-AFEC-482A-8665-E31069DC8B72}.Debug|x64.ActiveCfg = Debug|x64
		{B11C5744-AFEC-482A-8665-E31069DC8B72}.Debug|x64.Build.0 = Debug|x64
		{B11C5744-AFEC-482A-8665-E31069DC8B72}.Release|Win32.ActiveCfg = Release|Win32
		{B11C5744-AFEC-482A-8665-E31069DC8B72}.Release|Win32.Build.0 = Release|Win32
		{B11C5744-AFEC-482A-8665-E31069DC8B72}.Release|x64.ActiveCfg = Release|x64
		{B11C5744-AFEC-482A-8665-E31069DC8B72}.Release|x64.Build.0 = Release|x64
		{EF34350B-0588-4D2C-8C98-C084B6E6307B}.Debug|Win32.ActiveCfg = Debug|Win32
		{EF34350B-0588-4D2C-8C98-C084B6E6307B}.Debug|Win32.Build.0 = Debug|Win32
		{EF34350B-0588-4D2C-8C98-C084B6E6307B}.Debug|x64.ActiveCfg = Debug|x64
		{EF34350B-0588-4D2C-8C98-C084B6E6307B}.Debug|x64.Build.0 = Debug|x64
		{EF34350B-0588-4D2C-8C98-C084B6E6307B}.Release|Win32.ActiveCfg = Release|Win32
		{EF34350B-0588-4D2C-8C98-C084B6E6307B}.Release|Win32.Build.0 = Release|Win32
		{EF34350B-0588-4D2C-8C98-C084B6E6307B}.Release|x64.ActiveCfg = Release|x64
		{EF34350B-0588-4D2C-8C98-C084B6E6307B}.Release|x64.Build.0 = Release|x64
		{2BD39FF6-F9FC-4D91-9894-A66FBBC2506D}.Debug|Win32.ActiveCfg = Debug|Win32
		{2BD39FF6-F9FC-4D91-9894-A66FBBC2506D}.Debug|Win32.Build.0 = Debug|Win32
		{2BD39FF6-F9FC-4D91-9894-A66FBBC2506D}.Debug|x64.ActiveCfg = Debug|x64
		{2BD39FF6-F9FC-4D91-9894-A66FBBC2506D}.Debug|x64.Build.0 = Debug|x64
		{2BD39FF6-F9FC-4D91-9894-A66FBBC2506D}.Release|Win32.ActiveCfg = Release|Win32
		{2BD39FF6-F9FC-4D91-9894-A66FBBC2506D}.Release|Win32.Build.0 = Release|Win32
		{2BD39FF6-F9FC-4D91-9894-A66FBBC2506D}.Release|x64.ActiveCfg = Release|x64
		{2BD39FF6-F9FC-4D91-9894-A66FBBC2506D}.Release|x64.Build.0 = Release|x64
		{78E0176F-ED8C-407E-9604-CD5C8315774C}.Debug|Win32.ActiveCfg = Debug|Win32
		{78E0176F-ED8C-407E-9604-CD5C8315774C}.Debug|Win32.Build.0 = Debug|Win32
		{78E0176F-ED8C-407E-9604-CD5C8315774C}.Debug|x64.ActiveCfg = Debug|x64
		{78E0176F-ED8C-407E-9604-CD5C8315774C}.Debug|x64.Build.0 = Debug|x64
		{78E0176F-ED8C-407E-9604-CD5C8315774C}.Release|Win32.ActiveCfg = Release|Win32
		{78E0176F-ED8C-407E-9604-CD5C8315774C}.Release|Win32.Build.0 = Release|Win32
		{78E0176F-ED8C-407E-9604-CD5C8315774C}.Release|x64.ActiveCfg = Release|x64
		{78E0176F-ED8C-407E-9604-CD5C8315774C}.Release|x64.Build.0 = Release|x64
		{E460ABF6-7F37-411B-B893-A01783C692A9}.Debug|Win32.ActiveCfg = Debug|Win32
		{E460ABF6-7F37-411B-B893-A01783C692A9}.Debug|Win32.Build.0 = Debug|Win32
		{E460ABF6-7F37-411B-B893-A01783C692A9}.Debug|x64.ActiveCfg = Debug|x64
		{E460ABF6-7F37-411B-B893-A01783C692A9}.Debug|x64.Build.0 = Debug|x64
		{E460ABF6-7F37-411B-B893-A01783C692A9}.Release|Win32.ActiveCfg = Release|Win32
		{E460ABF6-7F37-411B-B893-A01783C692A9}.Release|Win32.Build.0 = Release|Win32
		{E460ABF6-7F37-411B-B893-A01783C692A9}.Release|x64.ActiveCfg = Release|x64
		{E460ABF6-7F37-411B-B893-A01783C692A9}.Release|x64.Build.0 = Release|x64
		{85497124-9F73-4093-82F2-2D975AD0EC5B}.Debug|Win32.ActiveCfg = Debug|Win32
		{85497124-9F73-4093-82F2-2D975AD0EC5B}.Debug|Win32.Build.0 = Debug|Win32
		{85497124-9F73-4093-82F2-2D975AD0EC5B}.Debug|x64.ActiveCfg = Debug|x64
		{85497124-9F73-4093-82F2-2D975AD0EC5B}.Debug|x64.Build.0 = Debug|x64
		{85497124-9F73-4093-82F2-2D975AD0EC5B}.Release|Win32.ActiveCfg = Release|Win32
		{85497124-9F73-4093-82F2-2D975AD0EC5B}.Release|Win32.Build.0 = Release|Win32
		{85497124-9F73-4093-82F2-2D975AD0EC5B}.Release|x64.ActiveCfg = Release|x64
		{85497124-9F73-4093-82F2-2D975AD0EC5B}.Release|x64.Build.0 = Release|x64
		{A1193673-FB3F-4C85-AA02-A64B0851123A}.Debug|Win32.ActiveCfg = Debug|Win32
		{A1193673-FB3F-4C85-AA02-A64B0851123A}.Debug|Win32.Build.0 = Debug|Win32
		{A1193673-FB3F-4C85-AA02-A64B0851123A}.Debug|x64.ActiveCfg = Debug|x64
		{A1193673-FB3F-4C85-AA02-A64B0851123A}.Debug|x64.Build.0 = Debug|x64
		{A1193673-FB3F-4C85-AA02-A64B0851123A}.Release|Win32.ActiveCfg = Release|Win32
		{A1193673-FB3F-4C85-AA02-A64B0851123A}.Release|Win32.Build.0 = Release|Win32
		{A1193673-FB3F-4C85-AA02-A64B0851123A}.Release|x64.ActiveCfg = Release|x64
		{A1193673-FB3F-4C85-AA02-A64B0851123A}.Release|x64.Build.0 = Release|x64
		{A839CFAC-E629-4199-81CD-186C810F428A}.Debug|Win32.ActiveCfg = Debug|Win32
		{A839CFAC-E629-4199-81CD-186C810F428A}.Debug|Win32.Build.0 = Debug|Win32
		{A839CFAC-E629-4199-81CD-186C810F428A}.Debug|x64.ActiveCfg = Debug|x64
		{A839CFAC-E629-4199-81CD-186C810F428A}.Debug|x64.Build.0 = Debug|x64
		{A839CFAC-E629-4199-81CD-186C810F428A}.Release|Win32.ActiveCfg = Release|Win32
		{A839CFAC-E629-4199-81CD-186C810F428A}.Release|Win32.Build.0 = Release|Win32
		{A839CFAC-E629-4199-81CD-186C810F428A}.Release|x64.ActiveCfg = Release|x64
		{A839CFAC-E629-4199-81CD-186C810F428A}.Release|x64.Build.0 = Release|x64
		{F399F87B-F851-40F5-ADC0-436DF39D0207}.Debug|Win32.ActiveCfg = Debug|Win32
		{F399F87B-F851-40F5-ADC0-436DF39D0207}.Debug|Win32.Build.0 = Debug|Win32
		{F399F87B-F851-40F5-ADC0-436DF39D0207}.Debug|x64.ActiveCfg = Debug|x64
		{F399F87B-F851-40F5-ADC0-436DF39D0207}.Debug|x64.Build.0 = Debug|x64
		{F399F87B-F851-40F5-ADC0-436DF39D0207}.Release|Win32.ActiveCfg = Release|Win32
		{F399F87B-F851-40F5-ADC0-436DF39D0207}.Release|Win32.Build.0 = Release|Win32
		{F399F87B-F851-40F5-ADC0-436DF39D0207}.Release|x64.ActiveCfg = Release|x64
		{F399F87B-F851-40F5-ADC0-436DF39D0207}.Release|x64.Build.0 = Release|x64
		{E0988F36-A336-47D2-8016-01B6687CD875}.Debug|Win32.ActiveCfg = Debug|Win32
		{E0988F36-A336-47D2-8016-01B6687CD875}.Debug|Win32.Build.0 = Debug|Win32
		{E0988F36-A336-47D2-8016-01B6687CD875}.Debug|x64.ActiveCfg = Debug|x64
		{E0988F36-A336-47D2-8016-01B6687CD875}.Debug|x64.Build.0 = Debug|x64
		{E0988F36-A336-47D2-8016-01B6687CD875}.Release|Win32.ActiveCfg = Release|Win32
		{E0988F36-A336-47D2-8016-01B6687CD875}.Release|Win32.Build.0 = Release|Win32
		{E0988F36-A336-47D2-8016-01B6687CD875}.Release|x64.ActiveCfg = Release|x64
		{E0988F36-A336-47D2-8016-01B6687CD875}.Release|x64.Build.0 = Release|x64
		{52F1521F-FA14-4F18-9083-B9F519FB7C42}.Debug|Win32.ActiveCfg = Debug|Win32
		{52F1521F-FA14-4F18-9083-B9F519FB7C42}.Debug|Win32.Build.0 = Debug|Win32
		{52F1521F-FA14-4F18-9083-B9F519FB7C42}.Debug|x64.ActiveCfg = Debug|x64
		{52F1521F-FA14-4F18-9083-B9F519FB7C42}.Debug|x64.Build.0 = Debug|x64
		{52F1521F-FA14-4F18-9083-B9F519FB7C42}.Release|Win32.ActiveCfg = Release|Win32
		{52F1521F-FA14-4F18-9083-B9F519FB7C42}.Release|Win32.Build.0 = Release|Win32
		{52F1521F-FA14-4F18-9083-B9F519FB7C42}.Release|x64.ActiveCfg = Release|x64
		{52F1521F-FA14-4F18-9083-B9F519FB7C42}.Release|x64.Build.0 = Release|x64
		{5CAA5D9F-77D3-4F65-B242-ABD6EA1497C1}.Debug|Win32.ActiveCfg = Debug|Win32
		{5CAA5D9F-77D3-4F65-B242-ABD6EA1497C1}.Debug|Win32.Build.0 = Debug|Win32
		{5CAA5D9F-77D3-4F65-B242-ABD6EA1497C1}.Debug|x64.ActiveCfg = Debug|x64
		{5CAA5D9F-77D3-4F65-B242-ABD6EA1497C1}.Debug|x64.Build.0 = Debug|x64
		{5CAA5D9F-77D3-4F65-B242-ABD6EA1497C1}.Release|Win32.ActiveCfg = Release|Win32
		{5CAA5D9F-77D3-4F65-B242-ABD6EA1497C1}.Release|Win32.Build.0 = Release|Win32
		{5CAA5D9F-77D3-4F65-B242-ABD6EA1497C1}.Release|x64.ActiveCfg = Release|x64
		{5CAA5D9F-77D3-4F65-B242-ABD6EA1497C1}.Release|x64.Build.0 = Release|x64
		{FFF7CF01-70BD-4E72-9F62-2D51EFA0F2FA}.Debug|Win32.ActiveCfg = Debug|Win32
		{FFF7CF01-70BD-4E72-9F62-2D51EFA0F2FA}.Debug|Win32.Build.0 = Debug|Win32
		{FFF7CF01-70BD-4E72-9F62-2D51EFA0F2FA}.Debug|x64.ActiveCfg = Debug|x64
		{FFF7CF01-70BD-4E72-9F62-2D51EFA0F2FA}.Debug|x64.Build.0 = Debug|x64
		{FFF7CF01-70BD-4E72-9F62-2D51EFA0F2FA}.Release|Win32.ActiveCfg = Release|Win32
		{FFF7CF01-70BD-4E72-9F62-2D51EFA0F2FA}.Release|Win32.Build.0 = Release|Win32
		{FFF7CF01-70BD-4E72-9F62-2D51EFA0F2FA}.Release|x64.ActiveCfg = Release|x64
		{FFF7CF01-70BD-4E72-9F62-2D51EFA0F2FA}.Release|x64.Build.0 = Release|x64
	EndGlobalSection
	GlobalSection(SolutionProperties) = preSolution
		HideSolutionNode = FALSE
	EndGlobalSection
	GlobalSection(NestedProjects) = preSolution
		{E460ABF6-7F37-411B-B893-A01783C692A9} = {2DC72DEE-7CD6-4FAF-B191-1F0ABDF2AC99}
		{85497124-9F73-4093-82F2-2D975AD0EC5B} = {2DC72DEE-7CD6-4FAF-B191-1F0ABDF2AC99}
		{A1193673-FB3F-4C85-AA02-A64B0851123A} = {2DC72DEE-7CD6-4FAF-B191-1F0ABDF2AC99}
		{78E0176F-ED8C-407E-9604-CD5C8315774C} = {2DC72DEE-7CD6-4FAF-B191-1F0ABDF2AC99}
		{A839CFAC-E629-4199-81CD-186C810F428A} = {2DC72DEE-7CD6-4FAF-B191-1F0ABDF2AC99}
		{F399F87B-F851-40F5-ADC0-436DF39D0207} = {2DC72DEE-7CD6-4FAF-B191-1F0ABDF2AC99}
	EndGlobalSection
EndGlobal
